github.com/DataDog/zstd v1.5.2 h1:vUG4lAyuPCXO0TLbXvPv7EB7cNK1QV/luu55UHLrrn8=
github.com/DataDog/zstd v1.5.2/go.mod h1:g4AWEaM3yOg3HYfnJ3YIawPnVdXJh9QME85blwSAmyw=
github.com/elastic/go-elasticsearch v0.0.0 h1:Pd5fqOuBxKxv83b0+xOAJDAkziWYwFinWnBO0y+TZaA=
github.com/elastic/go-elasticsearch v0.0.0/go.mod h1:TkBSJBuTyFdBnrNqoPc54FN0vKf5c04IdM4zuStJ7xg=
github.com/elastic/go-elasticsearch/v7 v7.17.0 h1:0fcSh4qeC/i1+7QU1KXpmq2iUAdMk4l0/vmbtW1+KJM=
github.com/elastic/go-elasticsearch/v7 v7.17.0/go.mod h1:OJ4wdbtDNk5g503kvlHLyErCgQwwzmDtaFC4XyOxXA4=
github.com/lib/pq v1.10.9 h1:YXG7RB+JIjhP29X+OtkiDnYaXQwpS4JEWq7dtCCRUEw=
github.com/lib/pq v1.10.9/go.mod h1:AlVN5x4E4T544tWzH6hKfbfQvm3HdbOxrmggDNAPY9o=
golang.org/x/sync v0.7.0 h1:YsImfSBoP9QPYL0xyKJPq0gcaJdG3rInoqxTWbfQu9M=
golang.org/x/sync v0.7.0/go.mod h1:Czt+wKu1gCyEFDUtn0jG5QVvpJ6rzVqr5aXyt9drQfk=
